// !$*UTF8*$!
{
	archiveVersion = 1;
	classes = {
	};
	objectVersion = 46;
	objects = {

/* Begin PBXBuildFile section */
		C524FF421B30380000577322 /* AppDelegate.swift in Sources */ = {isa = PBXBuildFile; fileRef = C524FF411B30380000577322 /* AppDelegate.swift */; };
		C524FF441B30380000577322 /* ViewController.swift in Sources */ = {isa = PBXBuildFile; fileRef = C524FF431B30380000577322 /* ViewController.swift */; };
		C524FF471B30380000577322 /* Main.storyboard in Resources */ = {isa = PBXBuildFile; fileRef = C524FF451B30380000577322 /* Main.storyboard */; };
		C524FF491B30380000577322 /* Images.xcassets in Resources */ = {isa = PBXBuildFile; fileRef = C524FF481B30380000577322 /* Images.xcassets */; };
		C524FF4C1B30380000577322 /* LaunchScreen.xib in Resources */ = {isa = PBXBuildFile; fileRef = C524FF4A1B30380000577322 /* LaunchScreen.xib */; };
		C524FF581B30380100577322 /* Swift_JiSuanQiTests.swift in Sources */ = {isa = PBXBuildFile; fileRef = C524FF571B30380100577322 /* Swift_JiSuanQiTests.swift */; };
/* End PBXBuildFile section */

/* Begin PBXContainerItemProxy section */
		C524FF521B30380100577322 /* PBXContainerItemProxy */ = {
			isa = PBXContainerItemProxy;
			containerPortal = C524FF341B30380000577322 /* Project object */;
			proxyType = 1;
			remoteGlobalIDString = C524FF3B1B30380000577322;
			remoteInfo = Swift_JiSuanQi;
		};
/* End PBXContainerItemProxy section */

/* Begin PBXFileReference section */
		C524FF3C1B30380000577322 /* Swift_JiSuanQi.app */ = {isa = PBXFileReference; explicitFileType = wrapper.application; includeInIndex = 0; path = Swift_JiSuanQi.app; sourceTree = BUILT_PRODUCTS_DIR; };
		C524FF401B30380000577322 /* Info.plist */ = {isa = PBXFileReference; lastKnownFileType = text.plist.xml; path = Info.plist; sourceTree = "<group>"; };
		C524FF411B30380000577322 /* AppDelegate.swift */ = {isa = PBXFileReference; lastKnownFileType = sourcecode.swift; path = AppDelegate.swift; sourceTree = "<group>"; };
		C524FF431B30380000577322 /* ViewController.swift */ = {isa = PBXFileReference; lastKnownFileType = sourcecode.swift; path = ViewController.swift; sourceTree = "<group>"; };
		C524FF461B30380000577322 /* Base */ = {isa = PBXFileReference; lastKnownFileType = file.storyboard; name = Base; path = Base.lproj/Main.storyboard; sourceTree = "<group>"; };
		C524FF481B30380000577322 /* Images.xcassets */ = {isa = PBXFileReference; lastKnownFileType = folder.assetcatalog; path = Images.xcassets; sourceTree = "<group>"; };
		C524FF4B1B30380000577322 /* Base */ = {isa = PBXFileReference; lastKnownFileType = file.xib; name = Base; path = Base.lproj/LaunchScreen.xib; sourceTree = "<group>"; };
		C524FF511B30380100577322 /* Swift_JiSuanQiTests.xctest */ = {isa = PBXFileReference; explicitFileType = wrapper.cfbundle; includeInIndex = 0; path = Swift_JiSuanQiTests.xctest; sourceTree = BUILT_PRODUCTS_DIR; };
		C524FF561B30380100577322 /* Info.plist */ = {isa = PBXFileReference; lastKnownFileType = text.plist.xml; path = Info.plist; sourceTree = "<group>"; };
		C524FF571B30380100577322 /* Swift_JiSuanQiTests.swift */ = {isa = PBXFileReference; lastKnownFileType = sourcecode.swift; path = Swift_JiSuanQiTests.swift; sourceTree = "<group>"; };
/* End PBXFileReference section */

/* Begin PBXFrameworksBuildPhase section */
		C524FF391B30380000577322 /* Frameworks */ = {
			isa = PBXFrameworksBuildPhase;
			buildActionMask = 2147483647;
			files = (
			);
			runOnlyForDeploymentPostprocessing = 0;
		};
		C524FF4E1B30380100577322 /* Frameworks */ = {
			isa = PBXFrameworksBuildPhase;
			buildActionMask = 2147483647;
			files = (
			);
			runOnlyForDeploymentPostprocessing = 0;
		};
/* End PBXFrameworksBuildPhase section */

/* Begin PBXGroup section */
		C524FF331B30380000577322 = {
			isa = PBXGroup;
			children = (
				C524FF3E1B30380000577322 /* Swift_JiSuanQi */,
				C524FF541B30380100577322 /* Swift_JiSuanQiTests */,
				C524FF3D1B30380000577322 /* Products */,
			);
			sourceTree = "<group>";
		};
		C524FF3D1B30380000577322 /* Products */ = {
			isa = PBXGroup;
			children = (
				C524FF3C1B30380000577322 /* Swift_JiSuanQi.app */,
				C524FF511B30380100577322 /* Swift_JiSuanQiTests.xctest */,
			);
			name = Products;
			sourceTree = "<group>";
		};
		C524FF3E1B30380000577322 /* Swift_JiSuanQi */ = {
			isa = PBXGroup;
			children = (
				C524FF411B30380000577322 /* AppDelegate.swift */,
				C524FF431B30380000577322 /* ViewController.swift */,
				C524FF451B30380000577322 /* Main.storyboard */,
				C524FF481B30380000577322 /* Images.xcassets */,
				C524FF4A1B30380000577322 /* LaunchScreen.xib */,
				C524FF3F1B30380000577322 /* Supporting Files */,
			);
			path = Swift_JiSuanQi;
			sourceTree = "<group>";
		};
		C524FF3F1B30380000577322 /* Supporting Files */ = {
			isa = PBXGroup;
			children = (
				C524FF401B30380000577322 /* Info.plist */,
			);
			name = "Supporting Files";
			sourceTree = "<group>";
		};
		C524FF541B30380100577322 /* Swift_JiSuanQiTests */ = {
			isa = PBXGroup;
			children = (
				C524FF571B30380100577322 /* Swift_JiSuanQiTests.swift */,
				C524FF551B30380100577322 /* Supporting Files */,
			);
			path = Swift_JiSuanQiTests;
			sourceTree = "<group>";
		};
		C524FF551B30380100577322 /* Supporting Files */ = {
			isa = PBXGroup;
			children = (
				C524FF561B30380100577322 /* Info.plist */,
			);
			name = "Supporting Files";
			sourceTree = "<group>";
		};
/* End PBXGroup section */

/* Begin PBXNativeTarget section */
		C524FF3B1B30380000577322 /* Swift_JiSuanQi */ = {
			isa = PBXNativeTarget;
			buildConfigurationList = C524FF5B1B30380100577322 /* Build configuration list for PBXNativeTarget "Swift_JiSuanQi" */;
			buildPhases = (
				C524FF381B30380000577322 /* Sources */,
				C524FF391B30380000577322 /* Frameworks */,
				C524FF3A1B30380000577322 /* Resources */,
			);
			buildRules = (
			);
			dependencies = (
			);
			name = Swift_JiSuanQi;
			productName = Swift_JiSuanQi;
			productReference = C524FF3C1B30380000577322 /* Swift_JiSuanQi.app */;
			productType = "com.apple.product-type.application";
		};
		C524FF501B30380100577322 /* Swift_JiSuanQiTests */ = {
			isa = PBXNativeTarget;
			buildConfigurationList = C524FF5E1B30380100577322 /* Build configuration list for PBXNativeTarget "Swift_JiSuanQiTests" */;
			buildPhases = (
				C524FF4D1B30380100577322 /* Sources */,
				C524FF4E1B30380100577322 /* Frameworks */,
				C524FF4F1B30380100577322 /* Resources */,
			);
			buildRules = (
			);
			dependencies = (
				C524FF531B30380100577322 /* PBXTargetDependency */,
			);
			name = Swift_JiSuanQiTests;
			productName = Swift_JiSuanQiTests;
			productReference = C524FF511B30380100577322 /* Swift_JiSuanQiTests.xctest */;
			productType = "com.apple.product-type.bundle.unit-test";
		};
/* End PBXNativeTarget section */

/* Begin PBXProject section */
		C524FF341B30380000577322 /* Project object */ = {
			isa = PBXProject;
			attributes = {
				LastUpgradeCheck = 0630;
				ORGANIZATIONNAME = zhaotf;
				TargetAttributes = {
					C524FF3B1B30380000577322 = {
						CreatedOnToolsVersion = 6.3.2;
					};
					C524FF501B30380100577322 = {
						CreatedOnToolsVersion = 6.3.2;
						TestTargetID = C524FF3B1B30380000577322;
					};
				};
			};
			buildConfigurationList = C524FF371B30380000577322 /* Build configuration list for PBXProject "Swift_JiSuanQi" */;
			compatibilityVersion = "Xcode 3.2";
			developmentRegion = English;
			hasScannedForEncodings = 0;
			knownRegions = (
				en,
				Base,
			);
			mainGroup = C524FF331B30380000577322;
			productRefGroup = C524FF3D1B30380000577322 /* Products */;
			projectDirPath = "";
			projectRoot = "";
			targets = (
				C524FF3B1B30380000577322 /* Swift_JiSuanQi */,
				C524FF501B30380100577322 /* Swift_JiSuanQiTests */,
			);
		};
/* End PBXProject section */

/* Begin PBXResourcesBuildPhase section */
		C524FF3A1B30380000577322 /* Resources */ = {
			isa = PBXResourcesBuildPhase;
			buildActionMask = 2147483647;
			files = (
				C524FF471B30380000577322 /* Main.storyboard in Resources */,
				C524FF4C1B30380000577322 /* LaunchScreen.xib in Resources */,
				C524FF491B30380000577322 /* Images.xcassets in Resources */,
			);
			runOnlyForDeploymentPostprocessing = 0;
		};
		C524FF4F1B30380100577322 /* Resources */ = {
			isa = PBXResourcesBuildPhase;
			buildActionMask = 2147483647;
			files = (
			);
			runOnlyForDeploymentPostprocessing = 0;
		};
/* End PBXResourcesBuildPhase section */

/* Begin PBXSourcesBuildPhase section */
		C524FF381B30380000577322 /* Sources */ = {
			isa = PBXSourcesBuildPhase;
			buildActionMask = 2147483647;
			files = (
				C524FF441B30380000577322 /* ViewController.swift in Sources */,
				C524FF421B30380000577322 /* AppDelegate.swift in Sources */,
			);
			runOnlyForDeploymentPostprocessing = 0;
		};
		C524FF4D1B30380100577322 /* Sources */ = {
			isa = PBXSourcesBuildPhase;
			buildActionMask = 2147483647;
			files = (
				C524FF581B30380100577322 /* Swift_JiSuanQiTests.swift in Sources */,
			);
			runOnlyForDeploymentPostprocessing = 0;
		};
/* End PBXSourcesBuildPhase section */

/* Begin PBXTargetDependency section */
		C524FF531B30380100577322 /* PBXTargetDependency */ = {
			isa = PBXTargetDependency;
			target = C524FF3B1B30380000577322 /* Swift_JiSuanQi */;
			targetProxy = C524FF521B30380100577322 /* PBXContainerItemProxy */;
		};
/* End PBXTargetDependency section */

/* Begin PBXVariantGroup section */
		C524FF451B30380000577322 /* Main.storyboard */ = {
			isa = PBXVariantGroup;
			children = (
				C524FF461B30380000577322 /* Base */,
			);
			name = Main.storyboard;
			sourceTree = "<group>";
		};
		C524FF4A1B30380000577322 /* LaunchScreen.xib */ = {
			isa = PBXVariantGroup;
			children = (
				C524FF4B1B30380000577322 /* Base */,
			);
			name = LaunchScreen.xib;
			sourceTree = "<group>";
		};
/* End PBXVariantGroup section */

/* Begin XCBuildConfiguration section */
		C524FF591B30380100577322 /* Debug */ = {
			isa = XCBuildConfiguration;
			buildSettings = {
				ALWAYS_SEARCH_USER_PATHS = NO;
				CLANG_CXX_LANGUAGE_STANDARD = "gnu++0x";
				CLANG_CXX_LIBRARY = "libc++";
				CLANG_ENABLE_MODULES = YES;
				CLANG_ENABLE_OBJC_ARC = YES;
				CLANG_WARN_BOOL_CONVERSION = YES;
				CLANG_WARN_CONSTANT_CONVERSION = YES;
				CLANG_WARN_DIRECT_OBJC_ISA_USAGE = YES_ERROR;
				CLANG_WARN_EMPTY_BODY = YES;
				CLANG_WARN_ENUM_CONVERSION = YES;
				CLANG_WARN_INT_CONVERSION = YES;
				CLANG_WARN_OBJC_ROOT_CLASS = YES_ERROR;
				CLANG_WARN_UNREACHABLE_CODE = YES;
				CLANG_WARN__DUPLICATE_METHOD_MATCH = YES;
				"CODE_SIGN_IDENTITY[sdk=iphoneos*]" = "iPhone Developer";
				COPY_PHASE_STRIP = NO;
				DEBUG_INFORMATION_FORMAT = "dwarf-with-dsym";
				ENABLE_STRICT_OBJC_MSGSEND = YES;
				GCC_C_LANGUAGE_STANDARD = gnu99;
				GCC_DYNAMIC_NO_PIC = NO;
				GCC_NO_COMMON_BLOCKS = YES;
				GCC_OPTIMIZATION_LEVEL = 0;
				GCC_PREPROCESSOR_DEFINITIONS = (
					"DEBUG=1",
					"$(inherited)",
				);
				GCC_SYMBOLS_PRIVATE_EXTERN = NO;
				GCC_WARN_64_TO_32_BIT_CONVERSION = YES;
				GCC_WARN_ABOUT_RETURN_TYPE = YES_ERROR;
				GCC_WARN_UNDECLARED_SELECTOR = YES;
				GCC_WARN_UNINITIALIZED_AUTOS = YES_AGGRESSIVE;
				GCC_WARN_UNUSED_FUNCTION = YES;
				GCC_WARN_UNUSED_VARIABLE = YES;
				IPHONEOS_DEPLOYMENT_TARGET = 8.3;
				MTL_ENABLE_DEBUG_INFO = YES;
				ONLY_ACTIVE_ARCH = YES;
				SDKROOT = iphoneos;
				SWIFT_OPTIMIZATION_LEVEL = "-Onone";
			};
			name = Debug;
		};
		C524FF5A1B30380100577322 /* Release */ = {
			isa = XCBuildConfiguration;
			buildSettings = {
				ALWAYS_SEARCH_USER_PATHS = NO;
				CLANG_CXX_LANGUAGE_STANDARD = "gnu++0x";
				CLANG_CXX_LIBRARY = "libc++";
				CLANG_ENABLE_MODULES = YES;
				CLANG_ENABLE_OBJC_ARC = YES;
				CLANG_WARN_BOOL_CONVERSION = YES;
				CLANG_WARN_CONSTANT_CONVERSION = YES;
				CLANG_WARN_DIRECT_OBJC_ISA_USAGE = YES_ERROR;
				CLANG_WARN_EMPTY_BODY = YES;
				CLANG_WARN_ENUM_CONVERSION = YES;
				CLANG_WARN_INT_CONVERSION = YES;
				CLANG_WARN_OBJC_ROOT_CLASS = YES_ERROR;
				CLANG_WARN_UNREACHABLE_CODE = YES;
				CLANG_WARN__DUPLICATE_METHOD_MATCH = YES;
				"CODE_SIGN_IDENTITY[sdk=iphoneos*]" = "iPhone Developer";
				COPY_PHASE_STRIP = NO;
				DEBUG_INFORMATION_FORMAT = "dwarf-with-dsym";
				ENABLE_NS_ASSERTIONS = NO;
				ENABLE_STRICT_OBJC_MSGSEND = YES;
				GCC_C_LANGUAGE_STANDARD = gnu99;
				GCC_NO_COMMON_BLOCKS = YES;
				GCC_WARN_64_TO_32_BIT_CONVERSION = YES;
				GCC_WARN_ABOUT_RETURN_TYPE = YES_ERROR;
				GCC_WARN_UNDECLARED_SELECTOR = YES;
				GCC_WARN_UNINITIALIZED_AUTOS = YES_AGGRESSIVE;
				GCC_WARN_UNUSED_FUNCTION = YES;
				GCC_WARN_UNUSED_VARIABLE = YES;
				IPHONEOS_DEPLOYMENT_TARGET = 8.3;
				MTL_ENABLE_DEBUG_INFO = NO;
				SDKROOT = iphoneos;
				VALIDATE_PRODUCT = YES;
			};
			name = Release;
		};
		C524FF5C1B30380100577322 /* Debug */ = {
			isa = XCBuildConfiguration;
			buildSettings = {
				ASSETCATALOG_COMPILER_APPICON_NAME = AppIcon;
				INFOPLIST_FILE = Swift_JiSuanQi/Info.plist;
				LD_RUNPATH_SEARCH_PATHS = "$(inherited) @executable_path/Frameworks";
				PRODUCT_NAME = "$(TARGET_NAME)";
			};
			name = Debug;
		};
		C524FF5D1B30380100577322 /* Release */ = {
			isa = XCBuildConfiguration;
			buildSettings = {
				ASSETCATALOG_COMPILER_APPICON_NAME = AppIcon;
				INFOPLIST_FILE = Swift_JiSuanQi/Info.plist;
				LD_RUNPATH_SEARCH_PATHS = "$(inherited) @executable_path/Frameworks";
				PRODUCT_NAME = "$(TARGET_NAME)";
			};
			name = Release;
		};
		C524FF5F1B30380100577322 /* Debug */ = {
			isa = XCBuildConfiguration;
			buildSettings = {
				BUNDLE_LOADER = "$(TEST_HOST)";
				FRAMEWORK_SEARCH_PATHS = (
					"$(SDKROOT)/Developer/Library/Frameworks",
					"$(inherited)",
				);
				GCC_PREPROCESSOR_DEFINITIONS = (
					"DEBUG=1",
					"$(inherited)",
				);
				INFOPLIST_FILE = Swift_JiSuanQiTests/Info.plist;
				LD_RUNPATH_SEARCH_PATHS = "$(inherited) @executable_path/Frameworks @loader_path/Frameworks";
				PRODUCT_NAME = "$(TARGET_NAME)";
				TEST_HOST = "$(BUILT_PRODUCTS_DIR)/Swift_JiSuanQi.app/Swift_JiSuanQi";
			};
			name = Debug;
		};
		C524FF601B30380100577322 /* Release */ = {
			isa = XCBuildConfiguration;
			buildSettings = {
				BUNDLE_LOADER = "$(TEST_HOST)";
				FRAMEWORK_SEARCH_PATHS = (
					"$(SDKROOT)/Developer/Library/Frameworks",
					"$(inherited)",
				);
				INFOPLIST_FILE = Swift_JiSuanQiTests/Info.plist;
				LD_RUNPATH_SEARCH_PATHS = "$(inherited) @executable_path/Frameworks @loader_path/Frameworks";
				PRODUCT_NAME = "$(TARGET_NAME)";
				TEST_HOST = "$(BUILT_PRODUCTS_DIR)/Swift_JiSuanQi.app/Swift_JiSuanQi";
			};
			name = Release;
		};
/* End XCBuildConfiguration section */

/* Begin XCConfigurationList section */
		C524FF371B30380000577322 /* Build configuration list for PBXProject "Swift_JiSuanQi" */ = {
			isa = XCConfigurationList;
			buildConfigurations = (
				C524FF591B30380100577322 /* Debug */,
				C524FF5A1B30380100577322 /* Release */,
			);
			defaultConfigurationIsVisible = 0;
			defaultConfigurationName = Release;
		};
		C524FF5B1B30380100577322 /* Build configuration list for PBXNativeTarget "Swift_JiSuanQi" */ = {
			isa = XCConfigurationList;
			buildConfigurations = (
				C524FF5C1B30380100577322 /* Debug */,
				C524FF5D1B30380100577322 /* Release */,
			);
			defaultConfigurationIsVisible = 0;
		};
		C524FF5E1B30380100577322 /* Build configuration list for PBXNativeTarget "Swift_JiSuanQiTests" */ = {
			isa = XCConfigurationList;
			buildConfigurations = (
				C524FF5F1B30380100577322 /* Debug */,
				C524FF601B30380100577322 /* Release */,
			);
			defaultConfigurationIsVisible = 0;
		};
/* End XCConfigurationList section */
	};
	rootObject = C524FF341B30380000577322 /* Project object */;
}
